
Microsoft Visual Studio Solution File, Format Version 12.00
# Visual Studio 15
VisualStudioVersion = 15.0.28010.2046
MinimumVisualStudioVersion = 10.0.40219.1
Project("{9A19103F-16F7-4668-BE54-9A1E7A4F7556}") = "NServiceBus.MicrosoftDependencyInjectionAdapter", "NServiceBus.MicrosoftDependencyInjectionAdapter\NServiceBus.MicrosoftDependencyInjectionAdapter.csproj", "{1430383D-CD56-43A6-AED1-565892368EBF}"
EndProject
Project("{9A19103F-16F7-4668-BE54-9A1E7A4F7556}") = "NServiceBus.MSDIAdapter.ContainerTests", "NServiceBus.MSDIAdapter.ContainerTests\NServiceBus.MSDIAdapter.ContainerTests.csproj", "{5C5880F7-C622-4CB9-920D-3D221AA7311A}"
EndProject
Project("{9A19103F-16F7-4668-BE54-9A1E7A4F7556}") = "Demo", "Demo\Demo.csproj", "{A24C2642-4D1E-49FE-80F6-5D409EB7396E}"
EndProject
Project("{9A19103F-16F7-4668-BE54-9A1E7A4F7556}") = "WebAppDemo", "WebApplication1\WebAppDemo.csproj", "{5EFE12A3-6A96-4564-9A30-E0B7867F07B4}"
EndProject
Global
	GlobalSection(SolutionConfigurationPlatforms) = preSolution
		Debug|Any CPU = Debug|Any CPU
		Release|Any CPU = Release|Any CPU
	EndGlobalSection
	GlobalSection(ProjectConfigurationPlatforms) = postSolution
		{1430383D-CD56-43A6-AED1-565892368EBF}.Debug|Any CPU.ActiveCfg = Debug|Any CPU
		{1430383D-CD56-43A6-AED1-565892368EBF}.Debug|Any CPU.Build.0 = Debug|Any CPU
		{1430383D-CD56-43A6-AED1-565892368EBF}.Release|Any CPU.ActiveCfg = Release|Any CPU
		{1430383D-CD56-43A6-AED1-565892368EBF}.Release|Any CPU.Build.0 = Release|Any CPU
		{5C5880F7-C622-4CB9-920D-3D221AA7311A}.Debug|Any CPU.ActiveCfg = Debug|Any CPU
		{5C5880F7-C622-4CB9-920D-3D221AA7311A}.Debug|Any CPU.Build.0 = Debug|Any CPU
		{5C5880F7-C622-4CB9-920D-3D221AA7311A}.Release|Any CPU.ActiveCfg = Release|Any CPU
		{5C5880F7-C622-4CB9-920D-3D221AA7311A}.Release|Any CPU.Build.0 = Release|Any CPU
		{A24C2642-4D1E-49FE-80F6-5D409EB7396E}.Debug|Any CPU.ActiveCfg = Debug|Any CPU
		{A24C2642-4D1E-49FE-80F6-5D409EB7396E}.Debug|Any CPU.Build.0 = Debug|Any CPU
		{A24C2642-4D1E-49FE-80F6-5D409EB7396E}.Release|Any CPU.ActiveCfg = Release|Any CPU
		{A24C2642-4D1E-49FE-80F6-5D409EB7396E}.Release|Any CPU.Build.0 = Release|Any CPU
		{5EFE12A3-6A96-4564-9A30-E0B7867F07B4}.Debug|Any CPU.ActiveCfg = Debug|Any CPU
		{5EFE12A3-6A96-4564-9A30-E0B7867F07B4}.Debug|Any CPU.Build.0 = Debug|Any CPU
		{5EFE12A3-6A96-4564-9A30-E0B7867F07B4}.Release|Any CPU.ActiveCfg = Release|Any CPU
		{5EFE12A3-6A96-4564-9A30-E0B7867F07B4}.Release|Any CPU.Build.0 = Release|Any CPU
	EndGlobalSection
	GlobalSection(SolutionProperties) = preSolution
		HideSolutionNode = FALSE
	EndGlobalSection
	GlobalSection(ExtensibilityGlobals) = postSolution
		SolutionGuid = {10A636A0-7852-4766-B347-E2662AB975DC}
	EndGlobalSection
EndGlobal
